
Microsoft Visual Studio Solution File, Format Version 12.00
# Visual Studio 2012
Project("{FAE04EC0-301F-11D3-BF4B-00C04F79EFBC}") = "Html5UploadDemo", "Html5UploadDemo\Html5UploadDemo.csproj", "{C4D1CC8C-E3B1-4371-A71C-0BA22658C8C7}"
EndProject
Project("{2150E333-8FDC-42A3-9474-1A3956D46DE8}") = "Solution Items", "Solution Items", "{28DF863F-1455-4237-9198-6991685B9736}"
	ProjectSection(SolutionItems) = preProject
		README.md = README.md
	EndProjectSection
EndProject
Global
	GlobalSection(SolutionConfigurationPlatforms) = preSolution
		Debug|Any CPU = Debug|Any CPU
		Release|Any CPU = Release|Any CPU
	EndGlobalSection
	GlobalSection(ProjectConfigurationPlatforms) = postSolution
		{C4D1CC8C-E3B1-4371-A71C-0BA22658C8C7}.Debug|Any CPU.ActiveCfg = Debug|Any CPU
		{C4D1CC8C-E3B1-4371-A71C-0BA22658C8C7}.Debug|Any CPU.Build.0 = Debug|Any CPU
		{C4D1CC8C-E3B1-4371-A71C-0BA22658C8C7}.Release|Any CPU.ActiveCfg = Release|Any CPU
		{C4D1CC8C-E3B1-4371-A71C-0BA22658C8C7}.Release|Any CPU.Build.0 = Release|Any CPU
	EndGlobalSection
	GlobalSection(SolutionProperties) = preSolution
		HideSolutionNode = FALSE
	EndGlobalSection
EndGlobal
